// !$*UTF8*$!
{
	archiveVersion = 1;
	classes = {
	};
	objectVersion = 50;
	objects = {

/* Begin PBXBuildFile section */
		D537147A24EEE87B00E04FA2 /* AppDelegate.swift in Sources */ = {isa = PBXBuildFile; fileRef = D537147924EEE87B00E04FA2 /* AppDelegate.swift */; };
		D537147C24EEE87B00E04FA2 /* SceneDelegate.swift in Sources */ = {isa = PBXBuildFile; fileRef = D537147B24EEE87B00E04FA2 /* SceneDelegate.swift */; };
		D537147E24EEE87B00E04FA2 /* ViewController.swift in Sources */ = {isa = PBXBuildFile; fileRef = D537147D24EEE87B00E04FA2 /* ViewController.swift */; };
		D537148124EEE87B00E04FA2 /* Main.storyboard in Resources */ = {isa = PBXBuildFile; fileRef = D537147F24EEE87B00E04FA2 /* Main.storyboard */; };
		D537148324EEE87D00E04FA2 /* Assets.xcassets in Resources */ = {isa = PBXBuildFile; fileRef = D537148224EEE87D00E04FA2 /* Assets.xcassets */; };
		D537148624EEE87D00E04FA2 /* LaunchScreen.storyboard in Resources */ = {isa = PBXBuildFile; fileRef = D537148424EEE87D00E04FA2 /* LaunchScreen.storyboard */; };
/* End PBXBuildFile section */

/* Begin PBXFileReference section */
		D537147624EEE87B00E04FA2 /* twoFigure.app */ = {isa = PBXFileReference; explicitFileType = wrapper.application; includeInIndex = 0; path = twoFigure.app; sourceTree = BUILT_PRODUCTS_DIR; };
		D537147924EEE87B00E04FA2 /* AppDelegate.swift */ = {isa = PBXFileReference; lastKnownFileType = sourcecode.swift; path = AppDelegate.swift; sourceTree = "<group>"; };
		D537147B24EEE87B00E04FA2 /* SceneDelegate.swift */ = {isa = PBXFileReference; lastKnownFileType = sourcecode.swift; path = SceneDelegate.swift; sourceTree = "<group>"; };
		D537147D24EEE87B00E04FA2 /* ViewController.swift */ = {isa = PBXFileReference; lastKnownFileType = sourcecode.swift; path = ViewController.swift; sourceTree = "<group>"; };
		D537148024EEE87B00E04FA2 /* Base */ = {isa = PBXFileReference; lastKnownFileType = file.storyboard; name = Base; path = Base.lproj/Main.storyboard; sourceTree = "<group>"; };
		D537148224EEE87D00E04FA2 /* Assets.xcassets */ = {isa = PBXFileReference; lastKnownFileType = folder.assetcatalog; path = Assets.xcassets; sourceTree = "<group>"; };
		D537148524EEE87D00E04FA2 /* Base */ = {isa = PBXFileReference; lastKnownFileType = file.storyboard; name = Base; path = Base.lproj/LaunchScreen.storyboard; sourceTree = "<group>"; };
		D537148724EEE87D00E04FA2 /* Info.plist */ = {isa = PBXFileReference; lastKnownFileType = text.plist.xml; path = Info.plist; sourceTree = "<group>"; };
/* End PBXFileReference section */

/* Begin PBXFrameworksBuildPhase section */
		D537147324EEE87B00E04FA2 /* Frameworks */ = {
			isa = PBXFrameworksBuildPhase;
			buildActionMask = 2147483647;
			files = (
			);
			runOnlyForDeploymentPostprocessing = 0;
		};
/* End PBXFrameworksBuildPhase section */

/* Begin PBXGroup section */
		D537146D24EEE87B00E04FA2 = {
			isa = PBXGroup;
			children = (
				D537147824EEE87B00E04FA2 /* twoFigure */,
				D537147724EEE87B00E04FA2 /* Products */,
			);
			sourceTree = "<group>";
		};
		D537147724EEE87B00E04FA2 /* Products */ = {
			isa = PBXGroup;
			children = (
				D537147624EEE87B00E04FA2 /* twoFigure.app */,
			);
			name = Products;
			sourceTree = "<group>";
		};
		D537147824EEE87B00E04FA2 /* twoFigure */ = {
			isa = PBXGroup;
			children = (
				D537147924EEE87B00E04FA2 /* AppDelegate.swift */,
				D537147B24EEE87B00E04FA2 /* SceneDelegate.swift */,
				D537147D24EEE87B00E04FA2 /* ViewController.swift */,
				D537147F24EEE87B00E04FA2 /* Main.storyboard */,
				D537148224EEE87D00E04FA2 /* Assets.xcassets */,
				D537148424EEE87D00E04FA2 /* LaunchScreen.storyboard */,
				D537148724EEE87D00E04FA2 /* Info.plist */,
			);
			path = twoFigure;
			sourceTree = "<group>";
		};
/* End PBXGroup section */

/* Begin PBXNativeTarget section */
		D537147524EEE87B00E04FA2 /* twoFigure */ = {
			isa = PBXNativeTarget;
			buildConfigurationList = D537148A24EEE87D00E04FA2 /* Build configuration list for PBXNativeTarget "twoFigure" */;
			buildPhases = (
				D537147224EEE87B00E04FA2 /* Sources */,
				D537147324EEE87B00E04FA2 /* Frameworks */,
				D537147424EEE87B00E04FA2 /* Resources */,
			);
			buildRules = (
			);
			dependencies = (
			);
			name = twoFigure;
			productName = twoFigure;
			productReference = D537147624EEE87B00E04FA2 /* twoFigure.app */;
			productType = "com.apple.product-type.application";
		};
/* End PBXNativeTarget section */

/* Begin PBXProject section */
		D537146E24EEE87B00E04FA2 /* Project object */ = {
			isa = PBXProject;
			attributes = {
				LastSwiftUpdateCheck = 1160;
				LastUpgradeCheck = 1160;
				ORGANIZATIONNAME = "Юлия Иванова";
				TargetAttributes = {
					D537147524EEE87B00E04FA2 = {
						CreatedOnToolsVersion = 11.6;
					};
				};
			};
			buildConfigurationList = D537147124EEE87B00E04FA2 /* Build configuration list for PBXProject "twoFigure" */;
			compatibilityVersion = "Xcode 9.3";
			developmentRegion = en;
			hasScannedForEncodings = 0;
			knownRegions = (
				en,
				Base,
			);
			mainGroup = D537146D24EEE87B00E04FA2;
			productRefGroup = D537147724EEE87B00E04FA2 /* Products */;
			projectDirPath = "";
			projectRoot = "";
			targets = (
				D537147524EEE87B00E04FA2 /* twoFigure */,
			);
		};
/* End PBXProject section */

/* Begin PBXResourcesBuildPhase section */
		D537147424EEE87B00E04FA2 /* Resources */ = {
			isa = PBXResourcesBuildPhase;
			buildActionMask = 2147483647;
			files = (
				D537148624EEE87D00E04FA2 /* LaunchScreen.storyboard in Resources */,
				D537148324EEE87D00E04FA2 /* Assets.xcassets in Resources */,
				D537148124EEE87B00E04FA2 /* Main.storyboard in Resources */,
			);
			runOnlyForDeploymentPostprocessing = 0;
		};
/* End PBXResourcesBuildPhase section */

/* Begin PBXSourcesBuildPhase section */
		D537147224EEE87B00E04FA2 /* Sources */ = {
			isa = PBXSourcesBuildPhase;
			buildActionMask = 2147483647;
			files = (
				D537147E24EEE87B00E04FA2 /* ViewController.swift in Sources */,
				D537147A24EEE87B00E04FA2 /* AppDelegate.swift in Sources */,
				D537147C24EEE87B00E04FA2 /* SceneDelegate.swift in Sources */,
			);
			runOnlyForDeploymentPostprocessing = 0;
		};
/* End PBXSourcesBuildPhase section */

/* Begin PBXVariantGroup section */
		D537147F24EEE87B00E04FA2 /* Main.storyboard */ = {
			isa = PBXVariantGroup;
			children = (
				D537148024EEE87B00E04FA2 /* Base */,
			);
			name = Main.storyboard;
			sourceTree = "<group>";
		};
		D537148424EEE87D00E04FA2 /* LaunchScreen.storyboard */ = {
			isa = PBXVariantGroup;
			children = (
				D537148524EEE87D00E04FA2 /* Base */,
			);
			name = LaunchScreen.storyboard;
			sourceTree = "<group>";
		};
/* End PBXVariantGroup section */

/* Begin XCBuildConfiguration section */
		D537148824EEE87D00E04FA2 /* Debug */ = {
			isa = XCBuildConfiguration;
			buildSettings = {
				ALWAYS_SEARCH_USER_PATHS = NO;
				CLANG_ANALYZER_NONNULL = YES;
				CLANG_ANALYZER_NUMBER_OBJECT_CONVERSION = YES_AGGRESSIVE;
				CLANG_CXX_LANGUAGE_STANDARD = "gnu++14";
				CLANG_CXX_LIBRARY = "libc++";
				CLANG_ENABLE_MODULES = YES;
				CLANG_ENABLE_OBJC_ARC = YES;
				CLANG_ENABLE_OBJC_WEAK = YES;
				CLANG_WARN_BLOCK_CAPTURE_AUTORELEASING = YES;
				CLANG_WARN_BOOL_CONVERSION = YES;
				CLANG_WARN_COMMA = YES;
				CLANG_WARN_CONSTANT_CONVERSION = YES;
				CLANG_WARN_DEPRECATED_OBJC_IMPLEMENTATIONS = YES;
				CLANG_WARN_DIRECT_OBJC_ISA_USAGE = YES_ERROR;
				CLANG_WARN_DOCUMENTATION_COMMENTS = YES;
				CLANG_WARN_EMPTY_BODY = YES;
				CLANG_WARN_ENUM_CONVERSION = YES;
				CLANG_WARN_INFINITE_RECURSION = YES;
				CLANG_WARN_INT_CONVERSION = YES;
				CLANG_WARN_NON_LITERAL_NULL_CONVERSION = YES;
				CLANG_WARN_OBJC_IMPLICIT_RETAIN_SELF = YES;
				CLANG_WARN_OBJC_LITERAL_CONVERSION = YES;
				CLANG_WARN_OBJC_ROOT_CLASS = YES_ERROR;
				CLANG_WARN_RANGE_LOOP_ANALYSIS = YES;
				CLANG_WARN_STRICT_PROTOTYPES = YES;
				CLANG_WARN_SUSPICIOUS_MOVE = YES;
				CLANG_WARN_UNGUARDED_AVAILABILITY = YES_AGGRESSIVE;
				CLANG_WARN_UNREACHABLE_CODE = YES;
				CLANG_WARN__DUPLICATE_METHOD_MATCH = YES;
				COPY_PHASE_STRIP = NO;
				DEBUG_INFORMATION_FORMAT = dwarf;
				ENABLE_STRICT_OBJC_MSGSEND = YES;
				ENABLE_TESTABILITY = YES;
				GCC_C_LANGUAGE_STANDARD = gnu11;
				GCC_DYNAMIC_NO_PIC = NO;
				GCC_NO_COMMON_BLOCKS = YES;
				GCC_OPTIMIZATION_LEVEL = 0;
				GCC_PREPROCESSOR_DEFINITIONS = (
					"DEBUG=1",
					"$(inherited)",
				);
				GCC_WARN_64_TO_32_BIT_CONVERSION = YES;
				GCC_WARN_ABOUT_RETURN_TYPE = YES_ERROR;
				GCC_WARN_UNDECLARED_SELECTOR = YES;
				GCC_WARN_UNINITIALIZED_AUTOS = YES_AGGRESSIVE;
				GCC_WARN_UNUSED_FUNCTION = YES;
				GCC_WARN_UNUSED_VARIABLE = YES;
				IPHONEOS_DEPLOYMENT_TARGET = 13.6;
				MTL_ENABLE_DEBUG_INFO = INCLUDE_SOURCE;
				MTL_FAST_MATH = YES;
				ONLY_ACTIVE_ARCH = YES;
				SDKROOT = iphoneos;
				SWIFT_ACTIVE_COMPILATION_CONDITIONS = DEBUG;
				SWIFT_OPTIMIZATION_LEVEL = "-Onone";
			};
			name = Debug;
		};
		D537148924EEE87D00E04FA2 /* Release */ = {
			isa = XCBuildConfiguration;
			buildSettings = {
				ALWAYS_SEARCH_USER_PATHS = NO;
				CLANG_ANALYZER_NONNULL = YES;
				CLANG_ANALYZER_NUMBER_OBJECT_CONVERSION = YES_AGGRESSIVE;
				CLANG_CXX_LANGUAGE_STANDARD = "gnu++14";
				CLANG_CXX_LIBRARY = "libc++";
				CLANG_ENABLE_MODULES = YES;
				CLANG_ENABLE_OBJC_ARC = YES;
				CLANG_ENABLE_OBJC_WEAK = YES;
				CLANG_WARN_BLOCK_CAPTURE_AUTORELEASING = YES;
				CLANG_WARN_BOOL_CONVERSION = YES;
				CLANG_WARN_COMMA = YES;
				CLANG_WARN_CONSTANT_CONVERSION = YES;
				CLANG_WARN_DEPRECATED_OBJC_IMPLEMENTATIONS = YES;
				CLANG_WARN_DIRECT_OBJC_ISA_USAGE = YES_ERROR;
				CLANG_WARN_DOCUMENTATION_COMMENTS = YES;
				CLANG_WARN_EMPTY_BODY = YES;
				CLANG_WARN_ENUM_CONVERSION = YES;
				CLANG_WARN_INFINITE_RECURSION = YES;
				CLANG_WARN_INT_CONVERSION = YES;
				CLANG_WARN_NON_LITERAL_NULL_CONVERSION = YES;
				CLANG_WARN_OBJC_IMPLICIT_RETAIN_SELF = YES;
				CLANG_WARN_OBJC_LITERAL_CONVERSION = YES;
				CLANG_WARN_OBJC_ROOT_CLASS = YES_ERROR;
				CLANG_WARN_RANGE_LOOP_ANALYSIS = YES;
				CLANG_WARN_STRICT_PROTOTYPES = YES;
				CLANG_WARN_SUSPICIOUS_MOVE = YES;
				CLANG_WARN_UNGUARDED_AVAILABILITY = YES_AGGRESSIVE;
				CLANG_WARN_UNREACHABLE_CODE = YES;
				CLANG_WARN__DUPLICATE_METHOD_MATCH = YES;
				COPY_PHASE_STRIP = NO;
				DEBUG_INFORMATION_FORMAT = "dwarf-with-dsym";
				ENABLE_NS_ASSERTIONS = NO;
				ENABLE_STRICT_OBJC_MSGSEND = YES;
				GCC_C_LANGUAGE_STANDARD = gnu11;
				GCC_NO_COMMON_BLOCKS = YES;
				GCC_WARN_64_TO_32_BIT_CONVERSION = YES;
				GCC_WARN_ABOUT_RETURN_TYPE = YES_ERROR;
				GCC_WARN_UNDECLARED_SELECTOR = YES;
				GCC_WARN_UNINITIALIZED_AUTOS = YES_AGGRESSIVE;
				GCC_WARN_UNUSED_FUNCTION = YES;
				GCC_WARN_UNUSED_VARIABLE = YES;
				IPHONEOS_DEPLOYMENT_TARGET = 13.6;
				MTL_ENABLE_DEBUG_INFO = NO;
				MTL_FAST_MATH = YES;
				SDKROOT = iphoneos;
				SWIFT_COMPILATION_MODE = wholemodule;
				SWIFT_OPTIMIZATION_LEVEL = "-O";
				VALIDATE_PRODUCT = YES;
			};
			name = Release;
		};
		D537148B24EEE87D00E04FA2 /* Debug */ = {
			isa = XCBuildConfiguration;
			buildSettings = {
				ASSETCATALOG_COMPILER_APPICON_NAME = AppIcon;
				CODE_SIGN_STYLE = Automatic;
				INFOPLIST_FILE = twoFigure/Info.plist;
				LD_RUNPATH_SEARCH_PATHS = (
					"$(inherited)",
					"@executable_path/Frameworks",
				);
				PRODUCT_BUNDLE_IDENTIFIER = juli.twoFigure;
				PRODUCT_NAME = "$(TARGET_NAME)";
				SWIFT_VERSION = 5.0;
				TARGETED_DEVICE_FAMILY = "1,2";
			};
			name = Debug;
		};
		D537148C24EEE87D00E04FA2 /* Release */ = {
			isa = XCBuildConfiguration;
			buildSettings = {
				ASSETCATALOG_COMPILER_APPICON_NAME = AppIcon;
				CODE_SIGN_STYLE = Automatic;
				INFOPLIST_FILE = twoFigure/Info.plist;
				LD_RUNPATH_SEARCH_PATHS = (
					"$(inherited)",
					"@executable_path/Frameworks",
				);
				PRODUCT_BUNDLE_IDENTIFIER = juli.twoFigure;
				PRODUCT_NAME = "$(TARGET_NAME)";
				SWIFT_VERSION = 5.0;
				TARGETED_DEVICE_FAMILY = "1,2";
			};
			name = Release;
		};
/* End XCBuildConfiguration section */

/* Begin XCConfigurationList section */
		D537147124EEE87B00E04FA2 /* Build configuration list for PBXProject "twoFigure" */ = {
			isa = XCConfigurationList;
			buildConfigurations = (
				D537148824EEE87D00E04FA2 /* Debug */,
				D537148924EEE87D00E04FA2 /* Release */,
			);
			defaultConfigurationIsVisible = 0;
			defaultConfigurationName = Release;
		};
		D537148A24EEE87D00E04FA2 /* Build configuration list for PBXNativeTarget "twoFigure" */ = {
			isa = XCConfigurationList;
			buildConfigurations = (
				D537148B24EEE87D00E04FA2 /* Debug */,
				D537148C24EEE87D00E04FA2 /* Release */,
			);
			defaultConfigurationIsVisible = 0;
			defaultConfigurationName = Release;
		};
/* End XCConfigurationList section */
	};
	rootObject = D537146E24EEE87B00E04FA2 /* Project object */;
}
